
Microsoft Visual Studio Solution File, Format Version 12.00
# Visual Studio Version 17
VisualStudioVersion = 17.9.34622.214
MinimumVisualStudioVersion = 10.0.40219.1
Project("{FAE04EC0-301F-11D3-BF4B-00C04F79EFBC}") = "WebAtrio.UsersJobsManagement.Api", "WebAtrio.UsersJobsManagement.Api\WebAtrio.UsersJobsManagement.Api.csproj", "{CB8F02B0-8CF0-43A3-B490-8F0AD0829FAA}"
EndProject
Project("{FAE04EC0-301F-11D3-BF4B-00C04F79EFBC}") = "WebAtrio.UsersJobsManagement.Business", "WebAtrio.UsersJobsManagement.Business\WebAtrio.UsersJobsManagement.Business.csproj", "{EC2871BA-46E7-438D-8C8F-B7C17E86F6EC}"
EndProject
Project("{FAE04EC0-301F-11D3-BF4B-00C04F79EFBC}") = "WebAtrio.UsersJobsManagement.Infrastructure", "WebAtrio.UsersJobsManagement.Infrastructure\WebAtrio.UsersJobsManagement.Infrastructure.csproj", "{62DE8286-B550-4960-A604-FB5F83516B28}"
EndProject
Project("{2150E333-8FDC-42A3-9474-1A3956D46DE8}") = "Models", "Models", "{C94C44EF-0F8C-4159-AB36-98241B53FC61}"
EndProject
Project("{FAE04EC0-301F-11D3-BF4B-00C04F79EFBC}") = "WebAtrio.UsersJobsManagement.Models.Converters", "WebAtrio.UsersJobsManagement.Models.Converters\WebAtrio.UsersJobsManagement.Models.Converters.csproj", "{6356069E-989F-47F4-B764-96A466A2C1BD}"
EndProject
Project("{FAE04EC0-301F-11D3-BF4B-00C04F79EFBC}") = "WebAtrio.UsersJobsManagement.Models.DTO", "WebAtrio.UsersJobsManagement.Models.DTO\WebAtrio.UsersJobsManagement.Models.DTO.csproj", "{893B342F-41A9-41E0-B3B0-47A466403741}"
EndProject
Project("{FAE04EC0-301F-11D3-BF4B-00C04F79EFBC}") = "WebAtrio.UsersJobsManagement.Models.Entities", "WebAtrio.UsersJobsManagement.Models.Entities\WebAtrio.UsersJobsManagement.Models.Entities.csproj", "{D507FF55-FC0D-4247-9790-B608256A4573}"
EndProject
Project("{FAE04EC0-301F-11D3-BF4B-00C04F79EFBC}") = "WebAtrio.UsersJobsManagement.Common", "WebAtrio.UsersJobsManagement.Common\WebAtrio.UsersJobsManagement.Common.csproj", "{FA35A9CE-F47B-424E-821B-9D31C41FD401}"
EndProject
Global
	GlobalSection(SolutionConfigurationPlatforms) = preSolution
		Debug|Any CPU = Debug|Any CPU
		Release|Any CPU = Release|Any CPU
	EndGlobalSection
	GlobalSection(ProjectConfigurationPlatforms) = postSolution
		{CB8F02B0-8CF0-43A3-B490-8F0AD0829FAA}.Debug|Any CPU.ActiveCfg = Debug|Any CPU
		{CB8F02B0-8CF0-43A3-B490-8F0AD0829FAA}.Debug|Any CPU.Build.0 = Debug|Any CPU
		{CB8F02B0-8CF0-43A3-B490-8F0AD0829FAA}.Release|Any CPU.ActiveCfg = Release|Any CPU
		{CB8F02B0-8CF0-43A3-B490-8F0AD0829FAA}.Release|Any CPU.Build.0 = Release|Any CPU
		{EC2871BA-46E7-438D-8C8F-B7C17E86F6EC}.Debug|Any CPU.ActiveCfg = Debug|Any CPU
		{EC2871BA-46E7-438D-8C8F-B7C17E86F6EC}.Debug|Any CPU.Build.0 = Debug|Any CPU
		{EC2871BA-46E7-438D-8C8F-B7C17E86F6EC}.Release|Any CPU.ActiveCfg = Release|Any CPU
		{EC2871BA-46E7-438D-8C8F-B7C17E86F6EC}.Release|Any CPU.Build.0 = Release|Any CPU
		{62DE8286-B550-4960-A604-FB5F83516B28}.Debug|Any CPU.ActiveCfg = Debug|Any CPU
		{62DE8286-B550-4960-A604-FB5F83516B28}.Debug|Any CPU.Build.0 = Debug|Any CPU
		{62DE8286-B550-4960-A604-FB5F83516B28}.Release|Any CPU.ActiveCfg = Release|Any CPU
		{62DE8286-B550-4960-A604-FB5F83516B28}.Release|Any CPU.Build.0 = Release|Any CPU
		{6356069E-989F-47F4-B764-96A466A2C1BD}.Debug|Any CPU.ActiveCfg = Debug|Any CPU
		{6356069E-989F-47F4-B764-96A466A2C1BD}.Debug|Any CPU.Build.0 = Debug|Any CPU
		{6356069E-989F-47F4-B764-96A466A2C1BD}.Release|Any CPU.ActiveCfg = Release|Any CPU
		{6356069E-989F-47F4-B764-96A466A2C1BD}.Release|Any CPU.Build.0 = Release|Any CPU
		{893B342F-41A9-41E0-B3B0-47A466403741}.Debug|Any CPU.ActiveCfg = Debug|Any CPU
		{893B342F-41A9-41E0-B3B0-47A466403741}.Debug|Any CPU.Build.0 = Debug|Any CPU
		{893B342F-41A9-41E0-B3B0-47A466403741}.Release|Any CPU.ActiveCfg = Release|Any CPU
		{893B342F-41A9-41E0-B3B0-47A466403741}.Release|Any CPU.Build.0 = Release|Any CPU
		{D507FF55-FC0D-4247-9790-B608256A4573}.Debug|Any CPU.ActiveCfg = Debug|Any CPU
		{D507FF55-FC0D-4247-9790-B608256A4573}.Debug|Any CPU.Build.0 = Debug|Any CPU
		{D507FF55-FC0D-4247-9790-B608256A4573}.Release|Any CPU.ActiveCfg = Release|Any CPU
		{D507FF55-FC0D-4247-9790-B608256A4573}.Release|Any CPU.Build.0 = Release|Any CPU
		{FA35A9CE-F47B-424E-821B-9D31C41FD401}.Debug|Any CPU.ActiveCfg = Debug|Any CPU
		{FA35A9CE-F47B-424E-821B-9D31C41FD401}.Debug|Any CPU.Build.0 = Debug|Any CPU
		{FA35A9CE-F47B-424E-821B-9D31C41FD401}.Release|Any CPU.ActiveCfg = Release|Any CPU
		{FA35A9CE-F47B-424E-821B-9D31C41FD401}.Release|Any CPU.Build.0 = Release|Any CPU
	EndGlobalSection
	GlobalSection(SolutionProperties) = preSolution
		HideSolutionNode = FALSE
	EndGlobalSection
	GlobalSection(NestedProjects) = preSolution
		{6356069E-989F-47F4-B764-96A466A2C1BD} = {C94C44EF-0F8C-4159-AB36-98241B53FC61}
		{893B342F-41A9-41E0-B3B0-47A466403741} = {C94C44EF-0F8C-4159-AB36-98241B53FC61}
		{D507FF55-FC0D-4247-9790-B608256A4573} = {C94C44EF-0F8C-4159-AB36-98241B53FC61}
	EndGlobalSection
	GlobalSection(ExtensibilityGlobals) = postSolution
		SolutionGuid = {6953D9C0-7FA1-4A91-A96A-59011C72D25C}
	EndGlobalSection
EndGlobal
